<?xml version="1.0" encoding="utf-8"?>
<Project ToolsVersion="4.0" xmlns="http://schemas.microsoft.com/developer/msbuild/2003">
  <ItemGroup>
    <Filter Include="Spec">
      <UniqueIdentifier>{41d1f1b0-99e6-492b-b9a0-ae4073ae5ff4}</UniqueIdentifier>
    </Filter>
    <Filter Include="Spec\Icons">
      <UniqueIdentifier>{009cbc30-1461-4728-b845-77b374fe9f77}</UniqueIdentifier>
    </Filter>
    <Filter Include="Common">
      <UniqueIdentifier>{20cef663-fb23-4a11-bee6-cb398c3c922b}</UniqueIdentifier>
    </Filter>
    <Filter Include="Compress">
      <UniqueIdentifier>{b2934947-7837-497f-8b33-f2ba8d5d567a}</UniqueIdentifier>
    </Filter>
    <Filter Include="Compress\Bit Coder">
      <UniqueIdentifier>{a0efeee8-ce95-4ca9-97aa-86d9f046f086}</UniqueIdentifier>
    </Filter>
    <Filter Include="Compress\7z Compress">
      <UniqueIdentifier>{ab49ca93-47c0-42f0-a274-6b80b28561d9}</UniqueIdentifier>
    </Filter>
    <Filter Include="7zip Common">
      <UniqueIdentifier>{dec1ed4d-0edf-40e4-85d2-118e161c11ef}</UniqueIdentifier>
    </Filter>
    <Filter Include="C">
      <UniqueIdentifier>{c5d789b3-97a8-4d1d-8ca9-0f523140c4f6}</UniqueIdentifier>
    </Filter>
    <Filter Include="C\xz">
      <UniqueIdentifier>{3153cc32-b35d-4ecd-b968-ce835c1491d0}</UniqueIdentifier>
    </Filter>
    <Filter Include="Archive">
      <UniqueIdentifier>{bde652f7-d951-41b1-b6e0-9bb1d99300af}</UniqueIdentifier>
    </Filter>
    <Filter Include="Archive\Archive common">
      <UniqueIdentifier>{6254872a-7923-4a82-af8d-62c6b0765c3c}</UniqueIdentifier>
    </Filter>
    <Filter Include="Archive\Tar">
      <UniqueIdentifier>{2037f9c3-defc-404c-ad2f-a380bcc18cf0}</UniqueIdentifier>
    </Filter>
    <Filter Include="7zip">
      <UniqueIdentifier>{2ce24651-5d50-42c6-9ea9-ab34ce42844d}</UniqueIdentifier>
    </Filter>
    <Filter Include="Windows">
      <UniqueIdentifier>{505d7fec-5078-4fd2-9a76-0f195d6b703b}</UniqueIdentifier>
    </Filter>
    <Filter Include="Asm">
      <UniqueIdentifier>{b5b1c5e6-5dbc-484b-b2ad-60d8cdfa77db}</UniqueIdentifier>
    </Filter>
  </ItemGroup>
  <ItemGroup>
    <Image Include="..\..\Archive\Icons\gz.ico">
      <Filter>Spec\Icons</Filter>
    </Image>
    <Image Include="..\..\Archive\Icons\tar.ico">
      <Filter>Spec\Icons</Filter>
    </Image>
  </ItemGroup>
  <ItemGroup>
    <ClCompile Include="..\..\Archive\ArchiveExports.cpp">
      <Filter>Spec</Filter>
    </ClCompile>
    <ClCompile Include="..\..\Compress\CodecExports.cpp">
      <Filter>Spec</Filter>
    </ClCompile>
    <ClCompile Include="..\..\Archive\DllExports2.cpp">
      <Filter>Spec</Filter>
    </ClCompile>
    <ClCompile Include="StdAfx.cpp">
      <Filter>Spec</Filter>
    </ClCompile>
    <ClCompile Include="..\..\..\Common\CRC.cpp">
      <Filter>Common</Filter>
    </ClCompile>
    <ClCompile Include="..\..\..\Common\CrcReg.cpp">
      <Filter>Common</Filter>
    </ClCompile>
    <ClCompile Include="..\..\..\Common\DynLimBuf.cpp">
      <Filter>Common</Filter>
    </ClCompile>
    <ClCompile Include="..\..\..\Common\IntToString.cpp">
      <Filter>Common</Filter>
    </ClCompile>
    <ClCompile Include="..\..\..\Common\MyMap.cpp">
      <Filter>Common</Filter>
    </ClCompile>
    <ClCompile Include="..\..\..\Common\MyString.cpp">
      <Filter>Common</Filter>
    </ClCompile>
    <ClCompile Include="..\..\..\Common\MyVector.cpp">
      <Filter>Common</Filter>
    </ClCompile>
    <ClCompile Include="..\..\..\Common\MyWindows.cpp">
      <Filter>Common</Filter>
    </ClCompile>
    <ClCompile Include="..\..\..\Common\MyXml.cpp">
      <Filter>Common</Filter>
    </ClCompile>
    <ClCompile Include="..\..\..\Common\NewHandler.cpp">
      <Filter>Common</Filter>
    </ClCompile>
    <ClCompile Include="..\..\..\Common\Sha1Reg.cpp">
      <Filter>Common</Filter>
    </ClCompile>
    <ClCompile Include="..\..\..\Common\Sha256Reg.cpp">
      <Filter>Common</Filter>
    </ClCompile>
    <ClCompile Include="..\..\..\Common\StringConvert.cpp">
      <Filter>Common</Filter>
    </ClCompile>
    <ClCompile Include="..\..\..\Common\StringToInt.cpp">
      <Filter>Common</Filter>
    </ClCompile>
    <ClCompile Include="..\..\..\Common\UTFConvert.cpp">
      <Filter>Common</Filter>
    </ClCompile>
    <ClCompile Include="..\..\..\Common\Wildcard.cpp">
      <Filter>Common</Filter>
    </ClCompile>
    <ClCompile Include="..\..\..\Common\XzCrc64Reg.cpp">
      <Filter>Common</Filter>
    </ClCompile>
    <ClCompile Include="..\..\Compress\BitlDecoder.cpp">
      <Filter>Compress\Bit Coder</Filter>
    </ClCompile>
    <ClCompile Include="..\..\Compress\Bcj2Coder.cpp">
      <Filter>Compress\7z Compress</Filter>
    </ClCompile>
    <ClCompile Include="..\..\Compress\Bcj2Register.cpp">
      <Filter>Compress\7z Compress</Filter>
    </ClCompile>
    <ClCompile Include="..\..\Compress\BcjCoder.cpp">
      <Filter>Compress\7z Compress</Filter>
    </ClCompile>
    <ClCompile Include="..\..\Compress\BcjRegister.cpp">
      <Filter>Compress\7z Compress</Filter>
    </ClCompile>
    <ClCompile Include="..\..\Compress\BranchMisc.cpp">
      <Filter>Compress\7z Compress</Filter>
    </ClCompile>
    <ClCompile Include="..\..\Compress\BranchRegister.cpp">
      <Filter>Compress\7z Compress</Filter>
    </ClCompile>
    <ClCompile Include="..\..\Compress\ByteSwap.cpp">
      <Filter>Compress\7z Compress</Filter>
    </ClCompile>
    <ClCompile Include="..\..\Compress\CopyCoder.cpp">
      <Filter>Compress\7z Compress</Filter>
    </ClCompile>
    <ClCompile Include="..\..\Compress\CopyRegister.cpp">
      <Filter>Compress\7z Compress</Filter>
    </ClCompile>
    <ClCompile Include="..\..\Compress\DeltaFilter.cpp">
      <Filter>Compress\7z Compress</Filter>
    </ClCompile>
    <ClCompile Include="..\..\Compress\Lzma2Decoder.cpp">
      <Filter>Compress\7z Compress</Filter>
    </ClCompile>
    <ClCompile Include="..\..\Compress\Lzma2Encoder.cpp">
      <Filter>Compress\7z Compress</Filter>
    </ClCompile>
    <ClCompile Include="..\..\Compress\Lzma2Register.cpp">
      <Filter>Compress\7z Compress</Filter>
    </ClCompile>
    <ClCompile Include="..\..\Compress\LzmaDecoder.cpp">
      <Filter>Compress\7z Compress</Filter>
    </ClCompile>
    <ClCompile Include="..\..\Compress\LzmaEncoder.cpp">
      <Filter>Compress\7z Compress</Filter>
    </ClCompile>
    <ClCompile Include="..\..\Compress\LzmaRegister.cpp">
      <Filter>Compress\7z Compress</Filter>
    </ClCompile>
    <ClCompile Include="..\..\Compress\PpmdDecoder.cpp">
      <Filter>Compress\7z Compress</Filter>
    </ClCompile>
    <ClCompile Include="..\..\Compress\PpmdEncoder.cpp">
      <Filter>Compress\7z Compress</Filter>
    </ClCompile>
    <ClCompile Include="..\..\Compress\PpmdRegister.cpp">
      <Filter>Compress\7z Compress</Filter>
    </ClCompile>
    <ClCompile Include="..\..\Compress\LzhDecoder.cpp">
      <Filter>Compress</Filter>
    </ClCompile>
    <ClCompile Include="..\..\Compress\LzmsDecoder.cpp">
      <Filter>Compress</Filter>
    </ClCompile>
    <ClCompile Include="..\..\Compress\LzOutWindow.cpp">
      <Filter>Compress</Filter>
    </ClCompile>
    <ClCompile Include="..\..\Compress\XpressDecoder.cpp">
      <Filter>Compress</Filter>
    </ClCompile>
    <ClCompile Include="..\..\Compress\ZDecoder.cpp">
      <Filter>Compress</Filter>
    </ClCompile>
    <ClCompile Include="..\..\Common\CreateCoder.cpp">
      <Filter>7zip Common</Filter>
    </ClCompile>
    <ClCompile Include="..\..\Common\CWrappers.cpp">
      <Filter>7zip Common</Filter>
    </ClCompile>
    <ClCompile Include="..\..\Common\FilterCoder.cpp">
      <Filter>7zip Common</Filter>
    </ClCompile>
    <ClCompile Include="..\..\Common\InBuffer.cpp">
      <Filter>7zip Common</Filter>
    </ClCompile>
    <ClCompile Include="..\..\Common\InOutTempBuffer.cpp">
      <Filter>7zip Common</Filter>
    </ClCompile>
    <ClCompile Include="..\..\Common\LimitedStreams.cpp">
      <Filter>7zip Common</Filter>
    </ClCompile>
    <ClCompile Include="..\..\Common\MemBlocks.cpp">
      <Filter>7zip Common</Filter>
    </ClCompile>
    <ClCompile Include="..\..\Common\MethodId.cpp">
      <Filter>7zip Common</Filter>
    </ClCompile>
    <ClCompile Include="..\..\Common\MethodProps.cpp">
      <Filter>7zip Common</Filter>
    </ClCompile>
    <ClCompile Include="..\..\Common\OffsetStream.cpp">
      <Filter>7zip Common</Filter>
    </ClCompile>
    <ClCompile Include="..\..\Common\OutBuffer.cpp">
      <Filter>7zip Common</Filter>
    </ClCompile>
    <ClCompile Include="..\..\Common\OutMemStream.cpp">
      <Filter>7zip Common</Filter>
    </ClCompile>
    <ClCompile Include="..\..\Common\ProgressMt.cpp">
      <Filter>7zip Common</Filter>
    </ClCompile>
    <ClCompile Include="..\..\Common\ProgressUtils.cpp">
      <Filter>7zip Common</Filter>
    </ClCompile>
    <ClCompile Include="..\..\Common\PropId.cpp">
      <Filter>7zip Common</Filter>
    </ClCompile>
    <ClCompile Include="..\..\Common\StreamBinder.cpp">
      <Filter>7zip Common</Filter>
    </ClCompile>
    <ClCompile Include="..\..\Common\StreamObjects.cpp">
      <Filter>7zip Common</Filter>
    </ClCompile>
    <ClCompile Include="..\..\Common\StreamUtils.cpp">
      <Filter>7zip Common</Filter>
    </ClCompile>
    <ClCompile Include="..\..\Common\UniqBlocks.cpp">
      <Filter>7zip Common</Filter>
    </ClCompile>
    <ClCompile Include="..\..\Common\VirtThread.cpp">
      <Filter>7zip Common</Filter>
    </ClCompile>
    <ClCompile Include="..\..\..\..\C\Xz.c">
      <Filter>C\xz</Filter>
    </ClCompile>
    <ClCompile Include="..\..\..\..\C\XzCrc64.c">
      <Filter>C\xz</Filter>
    </ClCompile>
    <ClCompile Include="..\..\..\..\C\XzCrc64Opt.c">
      <Filter>C\xz</Filter>
    </ClCompile>
    <ClCompile Include="..\..\..\..\C\XzDec.c">
      <Filter>C\xz</Filter>
    </ClCompile>
    <ClCompile Include="..\..\..\..\C\XzEnc.c">
      <Filter>C\xz</Filter>
    </ClCompile>
    <ClCompile Include="..\..\..\..\C\XzIn.c">
      <Filter>C\xz</Filter>
    </ClCompile>
    <ClCompile Include="..\..\..\..\C\7zBuf2.c">
      <Filter>C</Filter>
    </ClCompile>
    <ClCompile Include="..\..\..\..\C\7zCrc.c">
      <Filter>C</Filter>
    </ClCompile>
    <ClCompile Include="..\..\..\..\C\7zStream.c">
      <Filter>C</Filter>
    </ClCompile>
    <ClCompile Include="..\..\..\..\C\Aes.c">
      <Filter>C</Filter>
    </ClCompile>
    <ClCompile Include="..\..\..\..\C\Alloc.c">
      <Filter>C</Filter>
    </ClCompile>
    <ClCompile Include="..\..\..\..\C\Bcj2.c">
      <Filter>C</Filter>
    </ClCompile>
    <ClCompile Include="..\..\..\..\C\Bcj2Enc.c">
      <Filter>C</Filter>
    </ClCompile>
    <ClCompile Include="..\..\..\..\C\Blake2s.c">
      <Filter>C</Filter>
    </ClCompile>
    <ClCompile Include="..\..\..\..\C\Bra.c">
      <Filter>C</Filter>
    </ClCompile>
    <ClCompile Include="..\..\..\..\C\Bra86.c">
      <Filter>C</Filter>
    </ClCompile>
    <ClCompile Include="..\..\..\..\C\BraIA64.c">
      <Filter>C</Filter>
    </ClCompile>
    <ClCompile Include="..\..\..\..\C\BwtSort.c">
      <Filter>C</Filter>
    </ClCompile>
    <ClCompile Include="..\..\..\..\C\CpuArch.c">
      <Filter>C</Filter>
    </ClCompile>
    <ClCompile Include="..\..\..\..\C\Delta.c">
      <Filter>C</Filter>
    </ClCompile>
    <ClCompile Include="..\..\..\..\C\HuffEnc.c">
      <Filter>C</Filter>
    </ClCompile>
    <ClCompile Include="..\..\..\..\C\LzFind.c">
      <Filter>C</Filter>
    </ClCompile>
    <ClCompile Include="..\..\..\..\C\LzFindMt.c">
      <Filter>C</Filter>
    </ClCompile>
    <ClCompile Include="..\..\..\..\C\Lzma2Dec.c">
      <Filter>C</Filter>
    </ClCompile>
    <ClCompile Include="..\..\..\..\C\Lzma2Enc.c">
      <Filter>C</Filter>
    </ClCompile>
    <ClCompile Include="..\..\..\..\C\LzmaDec.c">
      <Filter>C</Filter>
    </ClCompile>
    <ClCompile Include="..\..\..\..\C\LzmaEnc.c">
      <Filter>C</Filter>
    </ClCompile>
    <ClCompile Include="..\..\..\..\C\MtCoder.c">
      <Filter>C</Filter>
    </ClCompile>
    <ClCompile Include="..\..\..\..\C\Ppmd7.c">
      <Filter>C</Filter>
    </ClCompile>
    <ClCompile Include="..\..\..\..\C\Ppmd7Dec.c">
      <Filter>C</Filter>
    </ClCompile>
    <ClCompile Include="..\..\..\..\C\Ppmd7Enc.c">
      <Filter>C</Filter>
    </ClCompile>
    <ClCompile Include="..\..\..\..\C\Ppmd8.c">
      <Filter>C</Filter>
    </ClCompile>
    <ClCompile Include="..\..\..\..\C\Ppmd8Dec.c">
      <Filter>C</Filter>
    </ClCompile>
    <ClCompile Include="..\..\..\..\C\Ppmd8Enc.c">
      <Filter>C</Filter>
    </ClCompile>
    <ClCompile Include="..\..\..\..\C\Sha1.c">
      <Filter>C</Filter>
    </ClCompile>
    <ClCompile Include="..\..\..\..\C\Sha256.c">
      <Filter>C</Filter>
    </ClCompile>
    <ClCompile Include="..\..\..\..\C\Sort.c">
      <Filter>C</Filter>
    </ClCompile>
    <ClCompile Include="..\..\..\..\C\Threads.c">
      <Filter>C</Filter>
    </ClCompile>
    <ClCompile Include="..\..\Archive\Common\CoderMixer2.cpp">
      <Filter>Archive\Archive common</Filter>
    </ClCompile>
    <ClCompile Include="..\..\Archive\Common\DummyOutStream.cpp">
      <Filter>Archive\Archive common</Filter>
    </ClCompile>
    <ClCompile Include="..\..\Archive\Common\FindSignature.cpp">
      <Filter>Archive\Archive common</Filter>
    </ClCompile>
    <ClCompile Include="..\..\Archive\Common\HandlerOut.cpp">
      <Filter>Archive\Archive common</Filter>
    </ClCompile>
    <ClCompile Include="..\..\Archive\Common\InStreamWithCRC.cpp">
      <Filter>Archive\Archive common</Filter>
    </ClCompile>
    <ClCompile Include="..\..\Archive\Common\ItemNameUtils.cpp">
      <Filter>Archive\Archive common</Filter>
    </ClCompile>
    <ClCompile Include="..\..\Archive\Common\MultiStream.cpp">
      <Filter>Archive\Archive common</Filter>
    </ClCompile>
    <ClCompile Include="..\..\Archive\Common\OutStreamWithCRC.cpp">
      <Filter>Archive\Archive common</Filter>
    </ClCompile>
    <ClCompile Include="..\..\Archive\Common\OutStreamWithSha1.cpp">
      <Filter>Archive\Archive common</Filter>
    </ClCompile>
    <ClCompile Include="..\..\Archive\Common\ParseProperties.cpp">
      <Filter>Archive\Archive common</Filter>
    </ClCompile>
    <ClCompile Include="..\..\Archive\Tar\TarHandler.cpp">
      <Filter>Archive\Tar</Filter>
    </ClCompile>
    <ClCompile Include="..\..\Archive\Tar\TarHandlerOut.cpp">
      <Filter>Archive\Tar</Filter>
    </ClCompile>
    <ClCompile Include="..\..\Archive\Tar\TarHeader.cpp">
      <Filter>Archive\Tar</Filter>
    </ClCompile>
    <ClCompile Include="..\..\Archive\Tar\TarIn.cpp">
      <Filter>Archive\Tar</Filter>
    </ClCompile>
    <ClCompile Include="..\..\Archive\Tar\TarOut.cpp">
      <Filter>Archive\Tar</Filter>
    </ClCompile>
    <ClCompile Include="..\..\Archive\Tar\TarRegister.cpp">
      <Filter>Archive\Tar</Filter>
    </ClCompile>
    <ClCompile Include="..\..\Archive\Tar\TarUpdate.cpp">
      <Filter>Archive\Tar</Filter>
    </ClCompile>
    <ClCompile Include="..\..\Archive\ApmHandler.cpp">
      <Filter>Archive</Filter>
    </ClCompile>
    <ClCompile Include="..\..\Archive\ArHandler.cpp">
      <Filter>Archive</Filter>
    </ClCompile>
    <ClCompile Include="..\..\Archive\ArjHandler.cpp">
      <Filter>Archive</Filter>
    </ClCompile>
    <ClCompile Include="..\..\Archive\ComHandler.cpp">
      <Filter>Archive</Filter>
    </ClCompile>
    <ClCompile Include="..\..\Archive\CpioHandler.cpp">
      <Filter>Archive</Filter>
    </ClCompile>
    <ClCompile Include="..\..\Archive\DeflateProps.cpp">
      <Filter>Archive</Filter>
    </ClCompile>
    <ClCompile Include="..\..\Archive\ElfHandler.cpp">
      <Filter>Archive</Filter>
    </ClCompile>
    <ClCompile Include="..\..\Archive\ExtHandler.cpp">
      <Filter>Archive</Filter>
    </ClCompile>
    <ClCompile Include="..\..\Archive\FatHandler.cpp">
      <Filter>Archive</Filter>
    </ClCompile>
    <ClCompile Include="..\..\Archive\FlvHandler.cpp">
      <Filter>Archive</Filter>
    </ClCompile>
    <ClCompile Include="..\..\Archive\GptHandler.cpp">
      <Filter>Archive</Filter>
    </ClCompile>
    <ClCompile Include="..\..\Archive\GzHandler.cpp">
      <Filter>Archive</Filter>
    </ClCompile>
    <ClCompile Include="..\..\Archive\HandlerCont.cpp">
      <Filter>Archive</Filter>
    </ClCompile>
    <ClCompile Include="..\..\Archive\IhexHandler.cpp">
      <Filter>Archive</Filter>
    </ClCompile>
    <ClCompile Include="..\..\Archive\LzhHandler.cpp">
      <Filter>Archive</Filter>
    </ClCompile>
    <ClCompile Include="..\..\Archive\LzmaHandler.cpp">
      <Filter>Archive</Filter>
    </ClCompile>
    <ClCompile Include="..\..\Archive\MachoHandler.cpp">
      <Filter>Archive</Filter>
    </ClCompile>
    <ClCompile Include="..\..\Archive\MbrHandler.cpp">
      <Filter>Archive</Filter>
    </ClCompile>
    <ClCompile Include="..\..\Archive\MslzHandler.cpp">
      <Filter>Archive</Filter>
    </ClCompile>
    <ClCompile Include="..\..\Archive\MubHandler.cpp">
      <Filter>Archive</Filter>
    </ClCompile>
    <ClCompile Include="..\..\Archive\NtfsHandler.cpp">
      <Filter>Archive</Filter>
    </ClCompile>
    <ClCompile Include="..\..\Archive\PeHandler.cpp">
      <Filter>Archive</Filter>
    </ClCompile>
    <ClCompile Include="..\..\Archive\PpmdHandler.cpp">
      <Filter>Archive</Filter>
    </ClCompile>
    <ClCompile Include="..\..\Archive\QcowHandler.cpp">
      <Filter>Archive</Filter>
    </ClCompile>
    <ClCompile Include="..\..\Archive\RpmHandler.cpp">
      <Filter>Archive</Filter>
    </ClCompile>
    <ClCompile Include="..\..\Archive\SplitHandler.cpp">
      <Filter>Archive</Filter>
    </ClCompile>
    <ClCompile Include="..\..\Archive\UefiHandler.cpp">
      <Filter>Archive</Filter>
    </ClCompile>
    <ClCompile Include="..\..\Archive\VdiHandler.cpp">
      <Filter>Archive</Filter>
    </ClCompile>
    <ClCompile Include="..\..\Archive\VhdHandler.cpp">
      <Filter>Archive</Filter>
    </ClCompile>
    <ClCompile Include="..\..\Archive\XzHandler.cpp">
      <Filter>Archive</Filter>
    </ClCompile>
    <ClCompile Include="..\..\Archive\ZHandler.cpp">
      <Filter>Archive</Filter>
    </ClCompile>
    <ClCompile Include="..\..\..\Windows\FileDir.cpp">
      <Filter>Windows</Filter>
    </ClCompile>
    <ClCompile Include="..\..\..\Windows\FileFind.cpp">
      <Filter>Windows</Filter>
    </ClCompile>
    <ClCompile Include="..\..\..\Windows\FileIO.cpp">
      <Filter>Windows</Filter>
    </ClCompile>
    <ClCompile Include="..\..\..\Windows\FileName.cpp">
      <Filter>Windows</Filter>
    </ClCompile>
    <ClCompile Include="..\..\..\Windows\PropVariant.cpp">
      <Filter>Windows</Filter>
    </ClCompile>
    <ClCompile Include="..\..\..\Windows\PropVariantUtils.cpp">
      <Filter>Windows</Filter>
    </ClCompile>
    <ClCompile Include="..\..\..\Windows\Synchronization.cpp">
      <Filter>Windows</Filter>
    </ClCompile>
    <ClCompile Include="..\..\..\Windows\System.cpp">
      <Filter>Windows</Filter>
    </ClCompile>
    <ClCompile Include="..\..\..\Windows\TimeUtils.cpp">
      <Filter>Windows</Filter>
    </ClCompile>
    <ClCompile Include="..\..\Compress\Deflate64Register.cpp" />
    <ClCompile Include="..\..\Compress\DeflateDecoder.cpp" />
    <ClCompile Include="..\..\Compress\DeflateEncoder.cpp" />
    <ClCompile Include="..\..\Compress\DeflateRegister.cpp" />
    <ClCompile Include="..\..\Compress\ImplodeDecoder.cpp" />
    <ClCompile Include="..\..\Compress\ImplodeHuffmanDecoder.cpp" />
    <ClCompile Include="..\..\Compress\LzxDecoder.cpp" />
    <ClCompile Include="..\..\Compress\QuantumDecoder.cpp" />
  </ItemGroup>
  <ItemGroup>
    <ResourceCompile Include="resource.rc">
      <Filter>Spec</Filter>
    </ResourceCompile>
  </ItemGroup>
  <ItemGroup>
    <ClInclude Include="StdAfx.h">
      <Filter>Spec</Filter>
    </ClInclude>
    <ClInclude Include="..\..\..\Common\Common.h">
      <Filter>Common</Filter>
    </ClInclude>
    <ClInclude Include="..\..\..\Common\Defs.h">
      <Filter>Common</Filter>
    </ClInclude>
    <ClInclude Include="..\..\..\Common\DynamicBuffer.h">
      <Filter>Common</Filter>
    </ClInclude>
    <ClInclude Include="..\..\..\Common\DynLimBuf.h">
      <Filter>Common</Filter>
    </ClInclude>
    <ClInclude Include="..\..\..\Common\IntToString.h">
      <Filter>Common</Filter>
    </ClInclude>
    <ClInclude Include="..\..\..\Common\MyBuffer.h">
      <Filter>Common</Filter>
    </ClInclude>
    <ClInclude Include="..\..\..\Common\MyCom.h">
      <Filter>Common</Filter>
    </ClInclude>
    <ClInclude Include="..\..\..\Common\MyException.h">
      <Filter>Common</Filter>
    </ClInclude>
    <ClInclude Include="..\..\..\Common\MyInitGuid.h">
      <Filter>Common</Filter>
    </ClInclude>
    <ClInclude Include="..\..\..\Common\MyLinux.h">
      <Filter>Common</Filter>
    </ClInclude>
    <ClInclude Include="..\..\..\Common\MyMap.h">
      <Filter>Common</Filter>
    </ClInclude>
    <ClInclude Include="..\..\..\Common\MyString.h">
      <Filter>Common</Filter>
    </ClInclude>
    <ClInclude Include="..\..\..\Common\MyTypes.h">
      <Filter>Common</Filter>
    </ClInclude>
    <ClInclude Include="..\..\..\Common\MyUnknown.h">
      <Filter>Common</Filter>
    </ClInclude>
    <ClInclude Include="..\..\..\Common\MyVector.h">
      <Filter>Common</Filter>
    </ClInclude>
    <ClInclude Include="..\..\..\Common\MyWindows.h">
      <Filter>Common</Filter>
    </ClInclude>
    <ClInclude Include="..\..\..\Common\MyXml.h">
      <Filter>Common</Filter>
    </ClInclude>
    <ClInclude Include="..\..\..\Common\NewHandler.h">
      <Filter>Common</Filter>
    </ClInclude>
    <ClInclude Include="..\..\..\Common\StringConvert.h">
      <Filter>Common</Filter>
    </ClInclude>
    <ClInclude Include="..\..\..\Common\StringToInt.h">
      <Filter>Common</Filter>
    </ClInclude>
    <ClInclude Include="..\..\..\Common\UTFConvert.h">
      <Filter>Common</Filter>
    </ClInclude>
    <ClInclude Include="..\..\..\Common\Wildcard.h">
      <Filter>Common</Filter>
    </ClInclude>
    <ClInclude Include="..\..\Compress\BitlDecoder.h">
      <Filter>Compress\Bit Coder</Filter>
    </ClInclude>
    <ClInclude Include="..\..\Compress\BitlEncoder.h">
      <Filter>Compress\Bit Coder</Filter>
    </ClInclude>
    <ClInclude Include="..\..\Compress\BitmDecoder.h">
      <Filter>Compress\Bit Coder</Filter>
    </ClInclude>
    <ClInclude Include="..\..\Compress\BitmEncoder.h">
      <Filter>Compress\Bit Coder</Filter>
    </ClInclude>
    <ClInclude Include="..\..\Compress\Bcj2Coder.h">
      <Filter>Compress\7z Compress</Filter>
    </ClInclude>
    <ClInclude Include="..\..\Compress\BcjCoder.h">
      <Filter>Compress\7z Compress</Filter>
    </ClInclude>
    <ClInclude Include="..\..\Compress\BranchMisc.h">
      <Filter>Compress\7z Compress</Filter>
    </ClInclude>
    <ClInclude Include="..\..\Compress\CopyCoder.h">
      <Filter>Compress\7z Compress</Filter>
    </ClInclude>
    <ClInclude Include="..\..\Compress\Lzma2Decoder.h">
      <Filter>Compress\7z Compress</Filter>
    </ClInclude>
    <ClInclude Include="..\..\Compress\Lzma2Encoder.h">
      <Filter>Compress\7z Compress</Filter>
    </ClInclude>
    <ClInclude Include="..\..\Compress\LzmaDecoder.h">
      <Filter>Compress\7z Compress</Filter>
    </ClInclude>
    <ClInclude Include="..\..\Compress\LzmaEncoder.h">
      <Filter>Compress\7z Compress</Filter>
    </ClInclude>
    <ClInclude Include="..\..\Compress\PpmdDecoder.h">
      <Filter>Compress\7z Compress</Filter>
    </ClInclude>
    <ClInclude Include="..\..\Compress\PpmdEncoder.h">
      <Filter>Compress\7z Compress</Filter>
    </ClInclude>
    <ClInclude Include="..\..\Compress\HuffmanDecoder.h">
      <Filter>Compress</Filter>
    </ClInclude>
    <ClInclude Include="..\..\Compress\LzhDecoder.h">
      <Filter>Compress</Filter>
    </ClInclude>
    <ClInclude Include="..\..\Compress\LzmsDecoder.h">
      <Filter>Compress</Filter>
    </ClInclude>
    <ClInclude Include="..\..\Compress\LzOutWindow.h">
      <Filter>Compress</Filter>
    </ClInclude>
    <ClInclude Include="..\..\Compress\XpressDecoder.h">
      <Filter>Compress</Filter>
    </ClInclude>
    <ClInclude Include="..\..\Compress\ZDecoder.h">
      <Filter>Compress</Filter>
    </ClInclude>
    <ClInclude Include="..\..\Common\CreateCoder.h">
      <Filter>7zip Common</Filter>
    </ClInclude>
    <ClInclude Include="..\..\Common\CWrappers.h">
      <Filter>7zip Common</Filter>
    </ClInclude>
    <ClInclude Include="..\..\Common\FilterCoder.h">
      <Filter>7zip Common</Filter>
    </ClInclude>
    <ClInclude Include="..\..\Common\InBuffer.h">
      <Filter>7zip Common</Filter>
    </ClInclude>
    <ClInclude Include="..\..\Common\InOutTempBuffer.h">
      <Filter>7zip Common</Filter>
    </ClInclude>
    <ClInclude Include="..\..\Common\LimitedStreams.h">
      <Filter>7zip Common</Filter>
    </ClInclude>
    <ClInclude Include="..\..\Common\MemBlocks.h">
      <Filter>7zip Common</Filter>
    </ClInclude>
    <ClInclude Include="..\..\Common\MethodId.h">
      <Filter>7zip Common</Filter>
    </ClInclude>
    <ClInclude Include="..\..\Common\MethodProps.h">
      <Filter>7zip Common</Filter>
    </ClInclude>
    <ClInclude Include="..\..\Common\OffsetStream.h">
      <Filter>7zip Common</Filter>
    </ClInclude>
    <ClInclude Include="..\..\Common\OutBuffer.h">
      <Filter>7zip Common</Filter>
    </ClInclude>
    <ClInclude Include="..\..\Common\OutMemStream.h">
      <Filter>7zip Common</Filter>
    </ClInclude>
    <ClInclude Include="..\..\Common\ProgressMt.h">
      <Filter>7zip Common</Filter>
    </ClInclude>
    <ClInclude Include="..\..\Common\ProgressUtils.h">
      <Filter>7zip Common</Filter>
    </ClInclude>
    <ClInclude Include="..\..\Common\RegisterArc.h">
      <Filter>7zip Common</Filter>
    </ClInclude>
    <ClInclude Include="..\..\Common\RegisterCodec.h">
      <Filter>7zip Common</Filter>
    </ClInclude>
    <ClInclude Include="..\..\Common\StreamBinder.h">
      <Filter>7zip Common</Filter>
    </ClInclude>
    <ClInclude Include="..\..\Common\StreamObjects.h">
      <Filter>7zip Common</Filter>
    </ClInclude>
    <ClInclude Include="..\..\Common\StreamUtils.h">
      <Filter>7zip Common</Filter>
    </ClInclude>
    <ClInclude Include="..\..\Common\UniqBlocks.h">
      <Filter>7zip Common</Filter>
    </ClInclude>
    <ClInclude Include="..\..\Common\VirtThread.h">
      <Filter>7zip Common</Filter>
    </ClInclude>
    <ClInclude Include="..\..\..\..\C\Xz.h">
      <Filter>C\xz</Filter>
    </ClInclude>
    <ClInclude Include="..\..\..\..\C\XzCrc64.h">
      <Filter>C\xz</Filter>
    </ClInclude>
    <ClInclude Include="..\..\..\..\C\XzEnc.h">
      <Filter>C\xz</Filter>
    </ClInclude>
    <ClInclude Include="..\..\..\..\C\7zCrc.h">
      <Filter>C</Filter>
    </ClInclude>
    <ClInclude Include="..\..\..\..\C\7zTypes.h">
      <Filter>C</Filter>
    </ClInclude>
    <ClInclude Include="..\..\..\..\C\Aes.h">
      <Filter>C</Filter>
    </ClInclude>
    <ClInclude Include="..\..\..\..\C\Alloc.h">
      <Filter>C</Filter>
    </ClInclude>
    <ClInclude Include="..\..\..\..\C\Bcj2.h">
      <Filter>C</Filter>
    </ClInclude>
    <ClInclude Include="..\..\..\..\C\Blake2.h">
      <Filter>C</Filter>
    </ClInclude>
    <ClInclude Include="..\..\..\..\C\Bra.h">
      <Filter>C</Filter>
    </ClInclude>
    <ClInclude Include="..\..\..\..\C\BwtSort.h">
      <Filter>C</Filter>
    </ClInclude>
    <ClInclude Include="..\..\..\..\C\Compiler.h">
      <Filter>C</Filter>
    </ClInclude>
    <ClInclude Include="..\..\..\..\C\CpuArch.h">
      <Filter>C</Filter>
    </ClInclude>
    <ClInclude Include="..\..\..\..\C\Delta.h">
      <Filter>C</Filter>
    </ClInclude>
    <ClInclude Include="..\..\..\..\C\HuffEnc.h">
      <Filter>C</Filter>
    </ClInclude>
    <ClInclude Include="..\..\..\..\C\LzFind.h">
      <Filter>C</Filter>
    </ClInclude>
    <ClInclude Include="..\..\..\..\C\LzFindMt.h">
      <Filter>C</Filter>
    </ClInclude>
    <ClInclude Include="..\..\..\..\C\LzHash.h">
      <Filter>C</Filter>
    </ClInclude>
    <ClInclude Include="..\..\..\..\C\Lzma2Dec.h">
      <Filter>C</Filter>
    </ClInclude>
    <ClInclude Include="..\..\..\..\C\Lzma2Enc.h">
      <Filter>C</Filter>
    </ClInclude>
    <ClInclude Include="..\..\..\..\C\LzmaDec.h">
      <Filter>C</Filter>
    </ClInclude>
    <ClInclude Include="..\..\..\..\C\LzmaEnc.h">
      <Filter>C</Filter>
    </ClInclude>
    <ClInclude Include="..\..\..\..\C\MtCoder.h">
      <Filter>C</Filter>
    </ClInclude>
    <ClInclude Include="..\..\..\..\C\Ppmd.h">
      <Filter>C</Filter>
    </ClInclude>
    <ClInclude Include="..\..\..\..\C\Ppmd7.h">
      <Filter>C</Filter>
    </ClInclude>
    <ClInclude Include="..\..\..\..\C\Ppmd8.h">
      <Filter>C</Filter>
    </ClInclude>
    <ClInclude Include="..\..\..\..\C\Precomp.h">
      <Filter>C</Filter>
    </ClInclude>
    <ClInclude Include="..\..\..\..\C\RotateDefs.h">
      <Filter>C</Filter>
    </ClInclude>
    <ClInclude Include="..\..\..\..\C\Sha1.h">
      <Filter>C</Filter>
    </ClInclude>
    <ClInclude Include="..\..\..\..\C\Sha256.h">
      <Filter>C</Filter>
    </ClInclude>
    <ClInclude Include="..\..\..\..\C\Sort.h">
      <Filter>C</Filter>
    </ClInclude>
    <ClInclude Include="..\..\..\..\C\StdAfx.h">
      <Filter>C</Filter>
    </ClInclude>
    <ClInclude Include="..\..\..\..\C\Threads.h">
      <Filter>C</Filter>
    </ClInclude>
    <ClInclude Include="..\..\Archive\Common\CoderMixer2.h">
      <Filter>Archive\Archive common</Filter>
    </ClInclude>
    <ClInclude Include="..\..\Archive\Common\DummyOutStream.h">
      <Filter>Archive\Archive common</Filter>
    </ClInclude>
    <ClInclude Include="..\..\Archive\Common\FindSignature.h">
      <Filter>Archive\Archive common</Filter>
    </ClInclude>
    <ClInclude Include="..\..\Archive\Common\HandlerOut.h">
      <Filter>Archive\Archive common</Filter>
    </ClInclude>
    <ClInclude Include="..\..\Archive\Common\InStreamWithCRC.h">
      <Filter>Archive\Archive common</Filter>
    </ClInclude>
    <ClInclude Include="..\..\Archive\Common\ItemNameUtils.h">
      <Filter>Archive\Archive common</Filter>
    </ClInclude>
    <ClInclude Include="..\..\Archive\Common\MultiStream.h">
      <Filter>Archive\Archive common</Filter>
    </ClInclude>
    <ClInclude Include="..\..\Archive\Common\OutStreamWithCRC.h">
      <Filter>Archive\Archive common</Filter>
    </ClInclude>
    <ClInclude Include="..\..\Archive\Common\OutStreamWithSha1.h">
      <Filter>Archive\Archive common</Filter>
    </ClInclude>
    <ClInclude Include="..\..\Archive\Common\ParseProperties.h">
      <Filter>Archive\Archive common</Filter>
    </ClInclude>
    <ClInclude Include="..\..\Archive\Tar\TarHandler.h">
      <Filter>Archive\Tar</Filter>
    </ClInclude>
    <ClInclude Include="..\..\Archive\Tar\TarHeader.h">
      <Filter>Archive\Tar</Filter>
    </ClInclude>
    <ClInclude Include="..\..\Archive\Tar\TarIn.h">
      <Filter>Archive\Tar</Filter>
    </ClInclude>
    <ClInclude Include="..\..\Archive\Tar\TarItem.h">
      <Filter>Archive\Tar</Filter>
    </ClInclude>
    <ClInclude Include="..\..\Archive\Tar\TarOut.h">
      <Filter>Archive\Tar</Filter>
    </ClInclude>
    <ClInclude Include="..\..\Archive\Tar\TarUpdate.h">
      <Filter>Archive\Tar</Filter>
    </ClInclude>
    <ClInclude Include="..\..\Archive\DeflateProps.h">
      <Filter>Archive</Filter>
    </ClInclude>
    <ClInclude Include="..\..\Archive\HandlerCont.h">
      <Filter>Archive</Filter>
    </ClInclude>
    <ClInclude Include="..\..\Archive\IArchive.h">
      <Filter>Archive</Filter>
    </ClInclude>
    <ClInclude Include="..\..\Archive\XzHandler.h">
      <Filter>Archive</Filter>
    </ClInclude>
    <ClInclude Include="..\..\ICoder.h">
      <Filter>7zip</Filter>
    </ClInclude>
    <ClInclude Include="..\..\IDecl.h">
      <Filter>7zip</Filter>
    </ClInclude>
    <ClInclude Include="..\..\IPassword.h">
      <Filter>7zip</Filter>
    </ClInclude>
    <ClInclude Include="..\..\IProgress.h">
      <Filter>7zip</Filter>
    </ClInclude>
    <ClInclude Include="..\..\IStream.h">
      <Filter>7zip</Filter>
    </ClInclude>
    <ClInclude Include="..\..\PropID.h">
      <Filter>7zip</Filter>
    </ClInclude>
    <ClInclude Include="..\..\..\Windows\Defs.h">
      <Filter>Windows</Filter>
    </ClInclude>
    <ClInclude Include="..\..\..\Windows\FileDir.h">
      <Filter>Windows</Filter>
    </ClInclude>
    <ClInclude Include="..\..\..\Windows\FileFind.h">
      <Filter>Windows</Filter>
    </ClInclude>
    <ClInclude Include="..\..\..\Windows\FileIO.h">
      <Filter>Windows</Filter>
    </ClInclude>
    <ClInclude Include="..\..\..\Windows\FileName.h">
      <Filter>Windows</Filter>
    </ClInclude>
    <ClInclude Include="..\..\..\Windows\PropVariant.h">
      <Filter>Windows</Filter>
    </ClInclude>
    <ClInclude Include="..\..\..\Windows\PropVariantUtils.h">
      <Filter>Windows</Filter>
    </ClInclude>
    <ClInclude Include="..\..\..\Windows\Synchronization.h">
      <Filter>Windows</Filter>
    </ClInclude>
    <ClInclude Include="..\..\..\Windows\System.h">
      <Filter>Windows</Filter>
    </ClInclude>
    <ClInclude Include="..\..\..\Windows\Thread.h">
      <Filter>Windows</Filter>
    </ClInclude>
    <ClInclude Include="..\..\..\Windows\TimeUtils.h">
      <Filter>Windows</Filter>
    </ClInclude>
  </ItemGroup>
  <ItemGroup>
    <CustomBuild Include="..\..\Archive\Archive2.def">
      <Filter>Spec</Filter>
    </CustomBuild>
    <CustomBuild Include="..\..\..\..\Asm\x86\7zAsm.asm">
      <Filter>Asm</Filter>
    </CustomBuild>
    <CustomBuild Include="..\..\..\..\Asm\x86\7zCrcOpt.asm">
      <Filter>Asm</Filter>
    </CustomBuild>
    <CustomBuild Include="..\..\..\..\Asm\x86\AesOpt.asm">
      <Filter>Asm</Filter>
    </CustomBuild>
  </ItemGroup>
</Project>